
Microsoft Visual Studio Solution File, Format Version 12.00
# Visual Studio 15
VisualStudioVersion = 15.0.28307.136
MinimumVisualStudioVersion = 10.0.40219.1
Project("{9A19103F-16F7-4668-BE54-9A1E7A4F7556}") = "VaporWebSite.App", "VaporWebSite.App\VaporWebSite.App.csproj", "{15269BA4-251C-4922-B49F-293DAA6E8EF8}"
EndProject
Project("{FAE04EC0-301F-11D3-BF4B-00C04F79EFBC}") = "VaporWebSite.Test", "VaporWebSite.Test\VaporWebSite.Test.csproj", "{CE834B36-4C63-4F22-B7F2-374A2CDA9B56}"
EndProject
Global
	GlobalSection(SolutionConfigurationPlatforms) = preSolution
		Debug|Any CPU = Debug|Any CPU
		Release|Any CPU = Release|Any CPU
	EndGlobalSection
	GlobalSection(ProjectConfigurationPlatforms) = postSolution
		{15269BA4-251C-4922-B49F-293DAA6E8EF8}.Debug|Any CPU.ActiveCfg = Debug|Any CPU
		{15269BA4-251C-4922-B49F-293DAA6E8EF8}.Debug|Any CPU.Build.0 = Debug|Any CPU
		{15269BA4-251C-4922-B49F-293DAA6E8EF8}.Release|Any CPU.ActiveCfg = Release|Any CPU
		{15269BA4-251C-4922-B49F-293DAA6E8EF8}.Release|Any CPU.Build.0 = Release|Any CPU
		{CE834B36-4C63-4F22-B7F2-374A2CDA9B56}.Debug|Any CPU.ActiveCfg = Debug|Any CPU
		{CE834B36-4C63-4F22-B7F2-374A2CDA9B56}.Debug|Any CPU.Build.0 = Debug|Any CPU
		{CE834B36-4C63-4F22-B7F2-374A2CDA9B56}.Release|Any CPU.ActiveCfg = Release|Any CPU
		{CE834B36-4C63-4F22-B7F2-374A2CDA9B56}.Release|Any CPU.Build.0 = Release|Any CPU
	EndGlobalSection
	GlobalSection(SolutionProperties) = preSolution
		HideSolutionNode = FALSE
	EndGlobalSection
	GlobalSection(ExtensibilityGlobals) = postSolution
		SolutionGuid = {FFD6B849-D3FB-4B81-BB52-1E1608847FA6}
	EndGlobalSection
EndGlobal
